
Microsoft Visual Studio Solution File, Format Version 12.00
# Visual Studio Version 17
VisualStudioVersion = 17.5.33530.505
MinimumVisualStudioVersion = 15.0.26124.0
Project("{9A19103F-16F7-4668-BE54-9A1E7A4F7556}") = "net462-agent-launcher.tests", "src\tests\net462-agent-launcher.tests.csproj", "{561E6F65-7ECE-49A6-9037-346EE8928706}"
EndProject
Project("{2150E333-8FDC-42A3-9474-1A3956D46DE8}") = "SolutionItems", "SolutionItems", "{49BC1DFB-828F-49F4-B2B4-752AB470481D}"
	ProjectSection(SolutionItems) = preProject
		appveyor.yml = appveyor.yml
		build.cake = build.cake
		build.cmd = build.cmd
		build.ps1 = build.ps1
		build.sh = build.sh
		GitReleaseManager.yaml = GitReleaseManager.yaml
		GitVersion.yml = GitVersion.yml
		LICENSE.txt = LICENSE.txt
		NuGet.config = NuGet.config
		README.md = README.md
		VERIFICATION.txt = VERIFICATION.txt
	EndProjectSection
EndProject
Project("{9A19103F-16F7-4668-BE54-9A1E7A4F7556}") = "net462-agent-launcher", "src\launcher\net462-agent-launcher.csproj", "{49758F00-C027-44A1-897F-C05862AD7BFA}"
EndProject
Project("{9A19103F-16F7-4668-BE54-9A1E7A4F7556}") = "mock-assembly", "src\mock-assembly\mock-assembly.csproj", "{3E97A2DE-38A5-4894-AF31-7C32F49E6759}"
EndProject
Project("{9A19103F-16F7-4668-BE54-9A1E7A4F7556}") = "net462-agent", "src\net462-agent\net462-agent.csproj", "{29FACA40-9442-4C9B-AE91-6D5B6B2A54FE}"
EndProject
Project("{9A19103F-16F7-4668-BE54-9A1E7A4F7556}") = "net462-agent-x86", "src\net462-agent-x86\net462-agent-x86.csproj", "{D860527E-B2C4-449B-AAFB-BB26051C20CC}"
EndProject
Project("{2150E333-8FDC-42A3-9474-1A3956D46DE8}") = "nuget", "nuget", "{B6516F48-F091-4BB4-A76E-F9C501EF1059}"
	ProjectSection(SolutionItems) = preProject
		nuget\TestCentric.Extension.Net462PluggableAgent.nuspec = nuget\TestCentric.Extension.Net462PluggableAgent.nuspec
	EndProjectSection
EndProject
Project("{2150E333-8FDC-42A3-9474-1A3956D46DE8}") = "choco", "choco", "{DB1D27AE-4967-466A-88CF-2213452FBE5D}"
	ProjectSection(SolutionItems) = preProject
		choco\testcentric-extension-net462-pluggable-agent.nuspec = choco\testcentric-extension-net462-pluggable-agent.nuspec
	EndProjectSection
EndProject
Project("{9A19103F-16F7-4668-BE54-9A1E7A4F7556}") = "mock-assembly-x86", "src\mock-assembly-x86\mock-assembly-x86.csproj", "{8ED7E1A4-8059-4159-B378-52E5C8B7F874}"
EndProject
Global
	GlobalSection(SolutionConfigurationPlatforms) = preSolution
		Debug|Any CPU = Debug|Any CPU
		Debug|x64 = Debug|x64
		Debug|x86 = Debug|x86
		Release|Any CPU = Release|Any CPU
		Release|x64 = Release|x64
		Release|x86 = Release|x86
	EndGlobalSection
	GlobalSection(ProjectConfigurationPlatforms) = postSolution
		{561E6F65-7ECE-49A6-9037-346EE8928706}.Debug|Any CPU.ActiveCfg = Debug|Any CPU
		{561E6F65-7ECE-49A6-9037-346EE8928706}.Debug|Any CPU.Build.0 = Debug|Any CPU
		{561E6F65-7ECE-49A6-9037-346EE8928706}.Debug|x64.ActiveCfg = Debug|Any CPU
		{561E6F65-7ECE-49A6-9037-346EE8928706}.Debug|x64.Build.0 = Debug|Any CPU
		{561E6F65-7ECE-49A6-9037-346EE8928706}.Debug|x86.ActiveCfg = Debug|Any CPU
		{561E6F65-7ECE-49A6-9037-346EE8928706}.Debug|x86.Build.0 = Debug|Any CPU
		{561E6F65-7ECE-49A6-9037-346EE8928706}.Release|Any CPU.ActiveCfg = Release|Any CPU
		{561E6F65-7ECE-49A6-9037-346EE8928706}.Release|Any CPU.Build.0 = Release|Any CPU
		{561E6F65-7ECE-49A6-9037-346EE8928706}.Release|x64.ActiveCfg = Release|Any CPU
		{561E6F65-7ECE-49A6-9037-346EE8928706}.Release|x64.Build.0 = Release|Any CPU
		{561E6F65-7ECE-49A6-9037-346EE8928706}.Release|x86.ActiveCfg = Release|Any CPU
		{561E6F65-7ECE-49A6-9037-346EE8928706}.Release|x86.Build.0 = Release|Any CPU
		{49758F00-C027-44A1-897F-C05862AD7BFA}.Debug|Any CPU.ActiveCfg = Debug|Any CPU
		{49758F00-C027-44A1-897F-C05862AD7BFA}.Debug|Any CPU.Build.0 = Debug|Any CPU
		{49758F00-C027-44A1-897F-C05862AD7BFA}.Debug|x64.ActiveCfg = Debug|Any CPU
		{49758F00-C027-44A1-897F-C05862AD7BFA}.Debug|x64.Build.0 = Debug|Any CPU
		{49758F00-C027-44A1-897F-C05862AD7BFA}.Debug|x86.ActiveCfg = Debug|Any CPU
		{49758F00-C027-44A1-897F-C05862AD7BFA}.Debug|x86.Build.0 = Debug|Any CPU
		{49758F00-C027-44A1-897F-C05862AD7BFA}.Release|Any CPU.ActiveCfg = Release|Any CPU
		{49758F00-C027-44A1-897F-C05862AD7BFA}.Release|Any CPU.Build.0 = Release|Any CPU
		{49758F00-C027-44A1-897F-C05862AD7BFA}.Release|x64.ActiveCfg = Release|Any CPU
		{49758F00-C027-44A1-897F-C05862AD7BFA}.Release|x64.Build.0 = Release|Any CPU
		{49758F00-C027-44A1-897F-C05862AD7BFA}.Release|x86.ActiveCfg = Release|Any CPU
		{49758F00-C027-44A1-897F-C05862AD7BFA}.Release|x86.Build.0 = Release|Any CPU
		{3E97A2DE-38A5-4894-AF31-7C32F49E6759}.Debug|Any CPU.ActiveCfg = Debug|Any CPU
		{3E97A2DE-38A5-4894-AF31-7C32F49E6759}.Debug|Any CPU.Build.0 = Debug|Any CPU
		{3E97A2DE-38A5-4894-AF31-7C32F49E6759}.Debug|x64.ActiveCfg = Debug|Any CPU
		{3E97A2DE-38A5-4894-AF31-7C32F49E6759}.Debug|x64.Build.0 = Debug|Any CPU
		{3E97A2DE-38A5-4894-AF31-7C32F49E6759}.Debug|x86.ActiveCfg = Debug|Any CPU
		{3E97A2DE-38A5-4894-AF31-7C32F49E6759}.Debug|x86.Build.0 = Debug|Any CPU
		{3E97A2DE-38A5-4894-AF31-7C32F49E6759}.Release|Any CPU.ActiveCfg = Release|Any CPU
		{3E97A2DE-38A5-4894-AF31-7C32F49E6759}.Release|Any CPU.Build.0 = Release|Any CPU
		{3E97A2DE-38A5-4894-AF31-7C32F49E6759}.Release|x64.ActiveCfg = Release|Any CPU
		{3E97A2DE-38A5-4894-AF31-7C32F49E6759}.Release|x64.Build.0 = Release|Any CPU
		{3E97A2DE-38A5-4894-AF31-7C32F49E6759}.Release|x86.ActiveCfg = Release|Any CPU
		{3E97A2DE-38A5-4894-AF31-7C32F49E6759}.Release|x86.Build.0 = Release|Any CPU
		{29FACA40-9442-4C9B-AE91-6D5B6B2A54FE}.Debug|Any CPU.ActiveCfg = Debug|Any CPU
		{29FACA40-9442-4C9B-AE91-6D5B6B2A54FE}.Debug|Any CPU.Build.0 = Debug|Any CPU
		{29FACA40-9442-4C9B-AE91-6D5B6B2A54FE}.Debug|x64.ActiveCfg = Debug|Any CPU
		{29FACA40-9442-4C9B-AE91-6D5B6B2A54FE}.Debug|x64.Build.0 = Debug|Any CPU
		{29FACA40-9442-4C9B-AE91-6D5B6B2A54FE}.Debug|x86.ActiveCfg = Debug|Any CPU
		{29FACA40-9442-4C9B-AE91-6D5B6B2A54FE}.Debug|x86.Build.0 = Debug|Any CPU
		{29FACA40-9442-4C9B-AE91-6D5B6B2A54FE}.Release|Any CPU.ActiveCfg = Release|Any CPU
		{29FACA40-9442-4C9B-AE91-6D5B6B2A54FE}.Release|Any CPU.Build.0 = Release|Any CPU
		{29FACA40-9442-4C9B-AE91-6D5B6B2A54FE}.Release|x64.ActiveCfg = Release|Any CPU
		{29FACA40-9442-4C9B-AE91-6D5B6B2A54FE}.Release|x64.Build.0 = Release|Any CPU
		{29FACA40-9442-4C9B-AE91-6D5B6B2A54FE}.Release|x86.ActiveCfg = Release|Any CPU
		{29FACA40-9442-4C9B-AE91-6D5B6B2A54FE}.Release|x86.Build.0 = Release|Any CPU
		{D860527E-B2C4-449B-AAFB-BB26051C20CC}.Debug|Any CPU.ActiveCfg = Debug|Any CPU
		{D860527E-B2C4-449B-AAFB-BB26051C20CC}.Debug|Any CPU.Build.0 = Debug|Any CPU
		{D860527E-B2C4-449B-AAFB-BB26051C20CC}.Debug|x64.ActiveCfg = Debug|Any CPU
		{D860527E-B2C4-449B-AAFB-BB26051C20CC}.Debug|x64.Build.0 = Debug|Any CPU
		{D860527E-B2C4-449B-AAFB-BB26051C20CC}.Debug|x86.ActiveCfg = Debug|Any CPU
		{D860527E-B2C4-449B-AAFB-BB26051C20CC}.Debug|x86.Build.0 = Debug|Any CPU
		{D860527E-B2C4-449B-AAFB-BB26051C20CC}.Release|Any CPU.ActiveCfg = Release|Any CPU
		{D860527E-B2C4-449B-AAFB-BB26051C20CC}.Release|Any CPU.Build.0 = Release|Any CPU
		{D860527E-B2C4-449B-AAFB-BB26051C20CC}.Release|x64.ActiveCfg = Release|Any CPU
		{D860527E-B2C4-449B-AAFB-BB26051C20CC}.Release|x64.Build.0 = Release|Any CPU
		{D860527E-B2C4-449B-AAFB-BB26051C20CC}.Release|x86.ActiveCfg = Release|Any CPU
		{D860527E-B2C4-449B-AAFB-BB26051C20CC}.Release|x86.Build.0 = Release|Any CPU
		{8ED7E1A4-8059-4159-B378-52E5C8B7F874}.Debug|Any CPU.ActiveCfg = Debug|Any CPU
		{8ED7E1A4-8059-4159-B378-52E5C8B7F874}.Debug|Any CPU.Build.0 = Debug|Any CPU
		{8ED7E1A4-8059-4159-B378-52E5C8B7F874}.Debug|x64.ActiveCfg = Debug|Any CPU
		{8ED7E1A4-8059-4159-B378-52E5C8B7F874}.Debug|x64.Build.0 = Debug|Any CPU
		{8ED7E1A4-8059-4159-B378-52E5C8B7F874}.Debug|x86.ActiveCfg = Debug|Any CPU
		{8ED7E1A4-8059-4159-B378-52E5C8B7F874}.Debug|x86.Build.0 = Debug|Any CPU
		{8ED7E1A4-8059-4159-B378-52E5C8B7F874}.Release|Any CPU.ActiveCfg = Release|Any CPU
		{8ED7E1A4-8059-4159-B378-52E5C8B7F874}.Release|Any CPU.Build.0 = Release|Any CPU
		{8ED7E1A4-8059-4159-B378-52E5C8B7F874}.Release|x64.ActiveCfg = Release|Any CPU
		{8ED7E1A4-8059-4159-B378-52E5C8B7F874}.Release|x64.Build.0 = Release|Any CPU
		{8ED7E1A4-8059-4159-B378-52E5C8B7F874}.Release|x86.ActiveCfg = Release|Any CPU
		{8ED7E1A4-8059-4159-B378-52E5C8B7F874}.Release|x86.Build.0 = Release|Any CPU
	EndGlobalSection
	GlobalSection(SolutionProperties) = preSolution
		HideSolutionNode = FALSE
	EndGlobalSection
	GlobalSection(NestedProjects) = preSolution
		{B6516F48-F091-4BB4-A76E-F9C501EF1059} = {49BC1DFB-828F-49F4-B2B4-752AB470481D}
		{DB1D27AE-4967-466A-88CF-2213452FBE5D} = {49BC1DFB-828F-49F4-B2B4-752AB470481D}
	EndGlobalSection
	GlobalSection(ExtensibilityGlobals) = postSolution
		SolutionGuid = {CAB7BD1E-1034-47CD-AA8E-FD4AC034193B}
	EndGlobalSection
EndGlobal
